
Microsoft Visual Studio Solution File, Format Version 12.00
# Visual Studio Version 17
VisualStudioVersion = 17.4.33110.190
MinimumVisualStudioVersion = 10.0.40219.1
Project("{9A19103F-16F7-4668-BE54-9A1E7A4F7556}") = "Day1", "Day1\Day1.csproj", "{13F37833-E962-4F7A-9654-CD028DCF3D63}"
EndProject
Project("{FAE04EC0-301F-11D3-BF4B-00C04F79EFBC}") = "Day2", "Day2\Day2.csproj", "{4024AFD4-F671-431B-8521-1A38BD4DC131}"
EndProject
Global
	GlobalSection(SolutionConfigurationPlatforms) = preSolution
		Debug|Any CPU = Debug|Any CPU
		Release|Any CPU = Release|Any CPU
	EndGlobalSection
	GlobalSection(ProjectConfigurationPlatforms) = postSolution
		{13F37833-E962-4F7A-9654-CD028DCF3D63}.Debug|Any CPU.ActiveCfg = Debug|Any CPU
		{13F37833-E962-4F7A-9654-CD028DCF3D63}.Debug|Any CPU.Build.0 = Debug|Any CPU
		{13F37833-E962-4F7A-9654-CD028DCF3D63}.Release|Any CPU.ActiveCfg = Release|Any CPU
		{13F37833-E962-4F7A-9654-CD028DCF3D63}.Release|Any CPU.Build.0 = Release|Any CPU
		{4024AFD4-F671-431B-8521-1A38BD4DC131}.Debug|Any CPU.ActiveCfg = Debug|Any CPU
		{4024AFD4-F671-431B-8521-1A38BD4DC131}.Debug|Any CPU.Build.0 = Debug|Any CPU
		{4024AFD4-F671-431B-8521-1A38BD4DC131}.Release|Any CPU.ActiveCfg = Release|Any CPU
		{4024AFD4-F671-431B-8521-1A38BD4DC131}.Release|Any CPU.Build.0 = Release|Any CPU
	EndGlobalSection
	GlobalSection(SolutionProperties) = preSolution
		HideSolutionNode = FALSE
	EndGlobalSection
	GlobalSection(ExtensibilityGlobals) = postSolution
		SolutionGuid = {CDF610FF-3340-4AE4-A4EB-2DB408F559E0}
	EndGlobalSection
EndGlobal
